// !$*UTF8*$!
{
	archiveVersion = 1;
	classes = {
	};
	objectVersion = 46;
	objects = {

/* Begin PBXBuildFile section */
		CF5DC9341AB0EF6D00760540 /* main.m in Sources */ = {isa = PBXBuildFile; fileRef = CF5DC9331AB0EF6D00760540 /* main.m */; };
		CF5DC9371AB0EF6D00760540 /* AppDelegate.m in Sources */ = {isa = PBXBuildFile; fileRef = CF5DC9361AB0EF6D00760540 /* AppDelegate.m */; };
		CF5DC93A1AB0EF6D00760540 /* ViewController.m in Sources */ = {isa = PBXBuildFile; fileRef = CF5DC9391AB0EF6D00760540 /* ViewController.m */; };
		CF5DC93D1AB0EF6D00760540 /* Main.storyboard in Resources */ = {isa = PBXBuildFile; fileRef = CF5DC93B1AB0EF6D00760540 /* Main.storyboard */; };
		CF5DC93F1AB0EF6D00760540 /* Images.xcassets in Resources */ = {isa = PBXBuildFile; fileRef = CF5DC93E1AB0EF6D00760540 /* Images.xcassets */; };
		CF5DC9421AB0EF6D00760540 /* LaunchScreen.xib in Resources */ = {isa = PBXBuildFile; fileRef = CF5DC9401AB0EF6D00760540 /* LaunchScreen.xib */; };
		CF5DC94E1AB0EF6D00760540 /* TrabalhoRPGTests.m in Sources */ = {isa = PBXBuildFile; fileRef = CF5DC94D1AB0EF6D00760540 /* TrabalhoRPGTests.m */; };
		CF6097D91AB2419F007155C2 /* Cena0.jpg in Resources */ = {isa = PBXBuildFile; fileRef = CF6097D81AB2419F007155C2 /* Cena0.jpg */; };
		CF6097E21AB2446C007155C2 /* Status.m in Sources */ = {isa = PBXBuildFile; fileRef = CF6097E11AB2446C007155C2 /* Status.m */; };
		CF6097E81AB255BC007155C2 /* CenaViewController.m in Sources */ = {isa = PBXBuildFile; fileRef = CF6097E71AB255BC007155C2 /* CenaViewController.m */; };
		CFE4F6D11AB392A4003D3DB3 /* Json.m in Sources */ = {isa = PBXBuildFile; fileRef = CFE4F6D01AB392A4003D3DB3 /* Json.m */; };
		CFE4F6D41AB3965E003D3DB3 /* Cena0.json in Resources */ = {isa = PBXBuildFile; fileRef = CFE4F6D31AB3965E003D3DB3 /* Cena0.json */; };
		CFE4F6D71AB39955003D3DB3 /* EstadoJogo.m in Sources */ = {isa = PBXBuildFile; fileRef = CFE4F6D61AB39955003D3DB3 /* EstadoJogo.m */; };
		CFE4F6D91AB3BAE6003D3DB3 /* Cena1.json in Resources */ = {isa = PBXBuildFile; fileRef = CFE4F6D81AB3BAE6003D3DB3 /* Cena1.json */; };
		CFEC2D4D1AB0F1C50001709A /* Cenario.m in Sources */ = {isa = PBXBuildFile; fileRef = CFEC2D4C1AB0F1C50001709A /* Cenario.m */; };
		CFEC2D501AB0F4E40001709A /* Transicao.m in Sources */ = {isa = PBXBuildFile; fileRef = CFEC2D4F1AB0F4E40001709A /* Transicao.m */; };
		CFEC2D531AB0F5F20001709A /* Acao.m in Sources */ = {isa = PBXBuildFile; fileRef = CFEC2D521AB0F5F20001709A /* Acao.m */; };
		CFEC2D561AB0F6D50001709A /* Objeto.m in Sources */ = {isa = PBXBuildFile; fileRef = CFEC2D551AB0F6D50001709A /* Objeto.m */; };
		CFEC2D5C1AB0F8CC0001709A /* Item.m in Sources */ = {isa = PBXBuildFile; fileRef = CFEC2D5B1AB0F8CC0001709A /* Item.m */; };
		CFEC2D5F1AB0F95C0001709A /* Personagem.m in Sources */ = {isa = PBXBuildFile; fileRef = CFEC2D5E1AB0F95C0001709A /* Personagem.m */; };
		CFEC2D621AB0FBC30001709A /* ValorLevel.m in Sources */ = {isa = PBXBuildFile; fileRef = CFEC2D611AB0FBC30001709A /* ValorLevel.m */; };
		CFEC2D651AB0FEF60001709A /* Ataque.m in Sources */ = {isa = PBXBuildFile; fileRef = CFEC2D641AB0FEF60001709A /* Ataque.m */; };
		CFEC2D681AB106D10001709A /* Mundo.m in Sources */ = {isa = PBXBuildFile; fileRef = CFEC2D671AB106D10001709A /* Mundo.m */; };
		CFEC2D6B1AB11DF60001709A /* Inventorio.m in Sources */ = {isa = PBXBuildFile; fileRef = CFEC2D6A1AB11DF60001709A /* Inventorio.m */; };
		CFEC2D6E1AB11E730001709A /* BolsaItem.m in Sources */ = {isa = PBXBuildFile; fileRef = CFEC2D6D1AB11E730001709A /* BolsaItem.m */; };
/* End PBXBuildFile section */

/* Begin PBXContainerItemProxy section */
		CF5DC9481AB0EF6D00760540 /* PBXContainerItemProxy */ = {
			isa = PBXContainerItemProxy;
			containerPortal = CF5DC9261AB0EF6D00760540 /* Project object */;
			proxyType = 1;
			remoteGlobalIDString = CF5DC92D1AB0EF6D00760540;
			remoteInfo = TrabalhoRPG;
		};
/* End PBXContainerItemProxy section */

/* Begin PBXFileReference section */
		CF5DC92E1AB0EF6D00760540 /* TrabalhoRPG.app */ = {isa = PBXFileReference; explicitFileType = wrapper.application; includeInIndex = 0; path = TrabalhoRPG.app; sourceTree = BUILT_PRODUCTS_DIR; };
		CF5DC9321AB0EF6D00760540 /* Info.plist */ = {isa = PBXFileReference; lastKnownFileType = text.plist.xml; path = Info.plist; sourceTree = "<group>"; };
		CF5DC9331AB0EF6D00760540 /* main.m */ = {isa = PBXFileReference; lastKnownFileType = sourcecode.c.objc; path = main.m; sourceTree = "<group>"; };
		CF5DC9351AB0EF6D00760540 /* AppDelegate.h */ = {isa = PBXFileReference; lastKnownFileType = sourcecode.c.h; path = AppDelegate.h; sourceTree = "<group>"; };
		CF5DC9361AB0EF6D00760540 /* AppDelegate.m */ = {isa = PBXFileReference; lastKnownFileType = sourcecode.c.objc; path = AppDelegate.m; sourceTree = "<group>"; };
		CF5DC9381AB0EF6D00760540 /* ViewController.h */ = {isa = PBXFileReference; lastKnownFileType = sourcecode.c.h; path = ViewController.h; sourceTree = "<group>"; };
		CF5DC9391AB0EF6D00760540 /* ViewController.m */ = {isa = PBXFileReference; lastKnownFileType = sourcecode.c.objc; path = ViewController.m; sourceTree = "<group>"; };
		CF5DC93C1AB0EF6D00760540 /* Base */ = {isa = PBXFileReference; lastKnownFileType = file.storyboard; name = Base; path = Base.lproj/Main.storyboard; sourceTree = "<group>"; };
		CF5DC93E1AB0EF6D00760540 /* Images.xcassets */ = {isa = PBXFileReference; lastKnownFileType = folder.assetcatalog; path = Images.xcassets; sourceTree = "<group>"; };
		CF5DC9411AB0EF6D00760540 /* Base */ = {isa = PBXFileReference; lastKnownFileType = file.xib; name = Base; path = Base.lproj/LaunchScreen.xib; sourceTree = "<group>"; };
		CF5DC9471AB0EF6D00760540 /* TrabalhoRPGTests.xctest */ = {isa = PBXFileReference; explicitFileType = wrapper.cfbundle; includeInIndex = 0; path = TrabalhoRPGTests.xctest; sourceTree = BUILT_PRODUCTS_DIR; };
		CF5DC94C1AB0EF6D00760540 /* Info.plist */ = {isa = PBXFileReference; lastKnownFileType = text.plist.xml; path = Info.plist; sourceTree = "<group>"; };
		CF5DC94D1AB0EF6D00760540 /* TrabalhoRPGTests.m */ = {isa = PBXFileReference; lastKnownFileType = sourcecode.c.objc; path = TrabalhoRPGTests.m; sourceTree = "<group>"; };
		CF6097D81AB2419F007155C2 /* Cena0.jpg */ = {isa = PBXFileReference; lastKnownFileType = image.jpeg; path = Cena0.jpg; sourceTree = "<group>"; };
		CF6097E01AB2446C007155C2 /* Status.h */ = {isa = PBXFileReference; fileEncoding = 4; lastKnownFileType = sourcecode.c.h; name = Status.h; path = Classes/Status.h; sourceTree = "<group>"; };
		CF6097E11AB2446C007155C2 /* Status.m */ = {isa = PBXFileReference; fileEncoding = 4; lastKnownFileType = sourcecode.c.objc; name = Status.m; path = Classes/Status.m; sourceTree = "<group>"; };
		CF6097E61AB255BC007155C2 /* CenaViewController.h */ = {isa = PBXFileReference; fileEncoding = 4; lastKnownFileType = sourcecode.c.h; path = CenaViewController.h; sourceTree = "<group>"; };
		CF6097E71AB255BC007155C2 /* CenaViewController.m */ = {isa = PBXFileReference; fileEncoding = 4; lastKnownFileType = sourcecode.c.objc; path = CenaViewController.m; sourceTree = "<group>"; };
		CFE4F6CF1AB392A4003D3DB3 /* Json.h */ = {isa = PBXFileReference; fileEncoding = 4; lastKnownFileType = sourcecode.c.h; name = Json.h; path = Classes/Json.h; sourceTree = "<group>"; };
		CFE4F6D01AB392A4003D3DB3 /* Json.m */ = {isa = PBXFileReference; fileEncoding = 4; lastKnownFileType = sourcecode.c.objc; name = Json.m; path = Classes/Json.m; sourceTree = "<group>"; };
		CFE4F6D31AB3965E003D3DB3 /* Cena0.json */ = {isa = PBXFileReference; fileEncoding = 4; lastKnownFileType = text.json; name = Cena0.json; path = Cenas/Cena0.json; sourceTree = "<group>"; };
		CFE4F6D51AB39955003D3DB3 /* EstadoJogo.h */ = {isa = PBXFileReference; fileEncoding = 4; lastKnownFileType = sourcecode.c.h; name = EstadoJogo.h; path = Classes/EstadoJogo.h; sourceTree = "<group>"; };
		CFE4F6D61AB39955003D3DB3 /* EstadoJogo.m */ = {isa = PBXFileReference; fileEncoding = 4; lastKnownFileType = sourcecode.c.objc; name = EstadoJogo.m; path = Classes/EstadoJogo.m; sourceTree = "<group>"; };
		CFE4F6D81AB3BAE6003D3DB3 /* Cena1.json */ = {isa = PBXFileReference; fileEncoding = 4; lastKnownFileType = text.json; path = Cena1.json; sourceTree = "<group>"; };
		CFEC2D4B1AB0F1C50001709A /* Cenario.h */ = {isa = PBXFileReference; fileEncoding = 4; lastKnownFileType = sourcecode.c.h; name = Cenario.h; path = Classes/Cenario.h; sourceTree = "<group>"; };
		CFEC2D4C1AB0F1C50001709A /* Cenario.m */ = {isa = PBXFileReference; fileEncoding = 4; lastKnownFileType = sourcecode.c.objc; name = Cenario.m; path = Classes/Cenario.m; sourceTree = "<group>"; };
		CFEC2D4E1AB0F4E40001709A /* Transicao.h */ = {isa = PBXFileReference; fileEncoding = 4; lastKnownFileType = sourcecode.c.h; name = Transicao.h; path = Classes/Transicao.h; sourceTree = "<group>"; };
		CFEC2D4F1AB0F4E40001709A /* Transicao.m */ = {isa = PBXFileReference; fileEncoding = 4; lastKnownFileType = sourcecode.c.objc; name = Transicao.m; path = Classes/Transicao.m; sourceTree = "<group>"; };
		CFEC2D511AB0F5F20001709A /* Acao.h */ = {isa = PBXFileReference; fileEncoding = 4; lastKnownFileType = sourcecode.c.h; name = Acao.h; path = Classes/Acao.h; sourceTree = "<group>"; };
		CFEC2D521AB0F5F20001709A /* Acao.m */ = {isa = PBXFileReference; fileEncoding = 4; lastKnownFileType = sourcecode.c.objc; name = Acao.m; path = Classes/Acao.m; sourceTree = "<group>"; };
		CFEC2D541AB0F6D50001709A /* Objeto.h */ = {isa = PBXFileReference; fileEncoding = 4; lastKnownFileType = sourcecode.c.h; name = Objeto.h; path = Classes/Objeto.h; sourceTree = "<group>"; };
		CFEC2D551AB0F6D50001709A /* Objeto.m */ = {isa = PBXFileReference; fileEncoding = 4; lastKnownFileType = sourcecode.c.objc; name = Objeto.m; path = Classes/Objeto.m; sourceTree = "<group>"; };
		CFEC2D5A1AB0F8CC0001709A /* Item.h */ = {isa = PBXFileReference; fileEncoding = 4; lastKnownFileType = sourcecode.c.h; name = Item.h; path = Classes/Item.h; sourceTree = "<group>"; };
		CFEC2D5B1AB0F8CC0001709A /* Item.m */ = {isa = PBXFileReference; fileEncoding = 4; lastKnownFileType = sourcecode.c.objc; name = Item.m; path = Classes/Item.m; sourceTree = "<group>"; };
		CFEC2D5D1AB0F95C0001709A /* Personagem.h */ = {isa = PBXFileReference; fileEncoding = 4; lastKnownFileType = sourcecode.c.h; name = Personagem.h; path = Classes/Personagem.h; sourceTree = "<group>"; };
		CFEC2D5E1AB0F95C0001709A /* Personagem.m */ = {isa = PBXFileReference; fileEncoding = 4; lastKnownFileType = sourcecode.c.objc; name = Personagem.m; path = Classes/Personagem.m; sourceTree = "<group>"; };
		CFEC2D601AB0FBC30001709A /* ValorLevel.h */ = {isa = PBXFileReference; fileEncoding = 4; lastKnownFileType = sourcecode.c.h; name = ValorLevel.h; path = Classes/ValorLevel.h; sourceTree = "<group>"; };
		CFEC2D611AB0FBC30001709A /* ValorLevel.m */ = {isa = PBXFileReference; fileEncoding = 4; lastKnownFileType = sourcecode.c.objc; name = ValorLevel.m; path = Classes/ValorLevel.m; sourceTree = "<group>"; };
		CFEC2D631AB0FEF60001709A /* Ataque.h */ = {isa = PBXFileReference; fileEncoding = 4; lastKnownFileType = sourcecode.c.h; name = Ataque.h; path = Classes/Ataque.h; sourceTree = "<group>"; };
		CFEC2D641AB0FEF60001709A /* Ataque.m */ = {isa = PBXFileReference; fileEncoding = 4; lastKnownFileType = sourcecode.c.objc; name = Ataque.m; path = Classes/Ataque.m; sourceTree = "<group>"; };
		CFEC2D661AB106D10001709A /* Mundo.h */ = {isa = PBXFileReference; fileEncoding = 4; lastKnownFileType = sourcecode.c.h; name = Mundo.h; path = Classes/Mundo.h; sourceTree = "<group>"; };
		CFEC2D671AB106D10001709A /* Mundo.m */ = {isa = PBXFileReference; fileEncoding = 4; lastKnownFileType = sourcecode.c.objc; name = Mundo.m; path = Classes/Mundo.m; sourceTree = "<group>"; };
		CFEC2D691AB11DF60001709A /* Inventorio.h */ = {isa = PBXFileReference; fileEncoding = 4; lastKnownFileType = sourcecode.c.h; name = Inventorio.h; path = Classes/Inventorio.h; sourceTree = "<group>"; };
		CFEC2D6A1AB11DF60001709A /* Inventorio.m */ = {isa = PBXFileReference; fileEncoding = 4; lastKnownFileType = sourcecode.c.objc; name = Inventorio.m; path = Classes/Inventorio.m; sourceTree = "<group>"; };
		CFEC2D6C1AB11E730001709A /* BolsaItem.h */ = {isa = PBXFileReference; fileEncoding = 4; lastKnownFileType = sourcecode.c.h; name = BolsaItem.h; path = Classes/BolsaItem.h; sourceTree = "<group>"; };
		CFEC2D6D1AB11E730001709A /* BolsaItem.m */ = {isa = PBXFileReference; fileEncoding = 4; lastKnownFileType = sourcecode.c.objc; name = BolsaItem.m; path = Classes/BolsaItem.m; sourceTree = "<group>"; };
/* End PBXFileReference section */

/* Begin PBXFrameworksBuildPhase section */
		CF5DC92B1AB0EF6D00760540 /* Frameworks */ = {
			isa = PBXFrameworksBuildPhase;
			buildActionMask = 2147483647;
			files = (
			);
			runOnlyForDeploymentPostprocessing = 0;
		};
		CF5DC9441AB0EF6D00760540 /* Frameworks */ = {
			isa = PBXFrameworksBuildPhase;
			buildActionMask = 2147483647;
			files = (
			);
			runOnlyForDeploymentPostprocessing = 0;
		};
/* End PBXFrameworksBuildPhase section */

/* Begin PBXGroup section */
		CF5DC9251AB0EF6D00760540 = {
			isa = PBXGroup;
			children = (
				CF5DC9301AB0EF6D00760540 /* TrabalhoRPG */,
				CF5DC94A1AB0EF6D00760540 /* TrabalhoRPGTests */,
				CF5DC92F1AB0EF6D00760540 /* Products */,
			);
			sourceTree = "<group>";
		};
		CF5DC92F1AB0EF6D00760540 /* Products */ = {
			isa = PBXGroup;
			children = (
				CF5DC92E1AB0EF6D00760540 /* TrabalhoRPG.app */,
				CF5DC9471AB0EF6D00760540 /* TrabalhoRPGTests.xctest */,
			);
			name = Products;
			sourceTree = "<group>";
		};
		CF5DC9301AB0EF6D00760540 /* TrabalhoRPG */ = {
			isa = PBXGroup;
			children = (
				CFE4F6D21AB39649003D3DB3 /* Cenas */,
				CFEC2D4A1AB0F13B0001709A /* Classes */,
				CF5DC9351AB0EF6D00760540 /* AppDelegate.h */,
				CF5DC9361AB0EF6D00760540 /* AppDelegate.m */,
				CF5DC9381AB0EF6D00760540 /* ViewController.h */,
				CF5DC9391AB0EF6D00760540 /* ViewController.m */,
				CF6097E61AB255BC007155C2 /* CenaViewController.h */,
				CF6097E71AB255BC007155C2 /* CenaViewController.m */,
				CF5DC93B1AB0EF6D00760540 /* Main.storyboard */,
				CF5DC93E1AB0EF6D00760540 /* Images.xcassets */,
				CF5DC9401AB0EF6D00760540 /* LaunchScreen.xib */,
				CF5DC9311AB0EF6D00760540 /* Supporting Files */,
			);
			path = TrabalhoRPG;
			sourceTree = "<group>";
		};
		CF5DC9311AB0EF6D00760540 /* Supporting Files */ = {
			isa = PBXGroup;
			children = (
				CF5DC9321AB0EF6D00760540 /* Info.plist */,
				CF5DC9331AB0EF6D00760540 /* main.m */,
			);
			name = "Supporting Files";
			sourceTree = "<group>";
		};
		CF5DC94A1AB0EF6D00760540 /* TrabalhoRPGTests */ = {
			isa = PBXGroup;
			children = (
				CF5DC94D1AB0EF6D00760540 /* TrabalhoRPGTests.m */,
				CF5DC94B1AB0EF6D00760540 /* Supporting Files */,
			);
			path = TrabalhoRPGTests;
			sourceTree = "<group>";
		};
		CF5DC94B1AB0EF6D00760540 /* Supporting Files */ = {
			isa = PBXGroup;
			children = (
				CF5DC94C1AB0EF6D00760540 /* Info.plist */,
			);
			name = "Supporting Files";
			sourceTree = "<group>";
		};
		CF6097EC1AB265B1007155C2 /* Inventorio */ = {
			isa = PBXGroup;
			children = (
				CFEC2D5A1AB0F8CC0001709A /* Item.h */,
				CFEC2D5B1AB0F8CC0001709A /* Item.m */,
				CFEC2D691AB11DF60001709A /* Inventorio.h */,
				CFEC2D6A1AB11DF60001709A /* Inventorio.m */,
				CFEC2D6C1AB11E730001709A /* BolsaItem.h */,
				CFEC2D6D1AB11E730001709A /* BolsaItem.m */,
			);
			name = Inventorio;
			sourceTree = "<group>";
		};
		CF6097ED1AB26627007155C2 /* Cenario */ = {
			isa = PBXGroup;
			children = (
				CFEC2D661AB106D10001709A /* Mundo.h */,
				CFEC2D671AB106D10001709A /* Mundo.m */,
				CFEC2D4B1AB0F1C50001709A /* Cenario.h */,
				CFEC2D4C1AB0F1C50001709A /* Cenario.m */,
				CFEC2D4E1AB0F4E40001709A /* Transicao.h */,
				CFEC2D4F1AB0F4E40001709A /* Transicao.m */,
				CFEC2D511AB0F5F20001709A /* Acao.h */,
				CFEC2D521AB0F5F20001709A /* Acao.m */,
				CFEC2D541AB0F6D50001709A /* Objeto.h */,
				CFEC2D551AB0F6D50001709A /* Objeto.m */,
			);
			name = Cenario;
			sourceTree = "<group>";
		};
		CF6097EE1AB26744007155C2 /* Batalha */ = {
			isa = PBXGroup;
			children = (
				CFEC2D601AB0FBC30001709A /* ValorLevel.h */,
				CFEC2D611AB0FBC30001709A /* ValorLevel.m */,
				CFEC2D5D1AB0F95C0001709A /* Personagem.h */,
				CFEC2D5E1AB0F95C0001709A /* Personagem.m */,
				CFEC2D631AB0FEF60001709A /* Ataque.h */,
				CFEC2D641AB0FEF60001709A /* Ataque.m */,
				CF6097E01AB2446C007155C2 /* Status.h */,
				CF6097E11AB2446C007155C2 /* Status.m */,
			);
			name = Batalha;
			sourceTree = "<group>";
		};
		CFE4F6D21AB39649003D3DB3 /* Cenas */ = {
			isa = PBXGroup;
			children = (
				CFE4F6D31AB3965E003D3DB3 /* Cena0.json */,
				CF6097D81AB2419F007155C2 /* Cena0.jpg */,
				CFE4F6D81AB3BAE6003D3DB3 /* Cena1.json */,
			);
			name = Cenas;
			sourceTree = "<group>";
		};
		CFEC2D4A1AB0F13B0001709A /* Classes */ = {
			isa = PBXGroup;
			children = (
				CF6097ED1AB26627007155C2 /* Cenario */,
				CF6097EE1AB26744007155C2 /* Batalha */,
				CF6097EC1AB265B1007155C2 /* Inventorio */,
				CFE4F6CF1AB392A4003D3DB3 /* Json.h */,
				CFE4F6D01AB392A4003D3DB3 /* Json.m */,
				CFE4F6D51AB39955003D3DB3 /* EstadoJogo.h */,
				CFE4F6D61AB39955003D3DB3 /* EstadoJogo.m */,
			);
			name = Classes;
			sourceTree = "<group>";
		};
/* End PBXGroup section */

/* Begin PBXNativeTarget section */
		CF5DC92D1AB0EF6D00760540 /* TrabalhoRPG */ = {
			isa = PBXNativeTarget;
			buildConfigurationList = CF5DC9511AB0EF6D00760540 /* Build configuration list for PBXNativeTarget "TrabalhoRPG" */;
			buildPhases = (
				CF5DC92A1AB0EF6D00760540 /* Sources */,
				CF5DC92B1AB0EF6D00760540 /* Frameworks */,
				CF5DC92C1AB0EF6D00760540 /* Resources */,
			);
			buildRules = (
			);
			dependencies = (
			);
			name = TrabalhoRPG;
			productName = TrabalhoRPG;
			productReference = CF5DC92E1AB0EF6D00760540 /* TrabalhoRPG.app */;
			productType = "com.apple.product-type.application";
		};
		CF5DC9461AB0EF6D00760540 /* TrabalhoRPGTests */ = {
			isa = PBXNativeTarget;
			buildConfigurationList = CF5DC9541AB0EF6D00760540 /* Build configuration list for PBXNativeTarget "TrabalhoRPGTests" */;
			buildPhases = (
				CF5DC9431AB0EF6D00760540 /* Sources */,
				CF5DC9441AB0EF6D00760540 /* Frameworks */,
				CF5DC9451AB0EF6D00760540 /* Resources */,
			);
			buildRules = (
			);
			dependencies = (
				CF5DC9491AB0EF6D00760540 /* PBXTargetDependency */,
			);
			name = TrabalhoRPGTests;
			productName = TrabalhoRPGTests;
			productReference = CF5DC9471AB0EF6D00760540 /* TrabalhoRPGTests.xctest */;
			productType = "com.apple.product-type.bundle.unit-test";
		};
/* End PBXNativeTarget section */

/* Begin PBXProject section */
		CF5DC9261AB0EF6D00760540 /* Project object */ = {
			isa = PBXProject;
			attributes = {
				LastUpgradeCheck = 0620;
				ORGANIZATIONNAME = "João Vitor P. Moraes";
				TargetAttributes = {
					CF5DC92D1AB0EF6D00760540 = {
						CreatedOnToolsVersion = 6.2;
					};
					CF5DC9461AB0EF6D00760540 = {
						CreatedOnToolsVersion = 6.2;
						TestTargetID = CF5DC92D1AB0EF6D00760540;
					};
				};
			};
			buildConfigurationList = CF5DC9291AB0EF6D00760540 /* Build configuration list for PBXProject "TrabalhoRPG" */;
			compatibilityVersion = "Xcode 3.2";
			developmentRegion = English;
			hasScannedForEncodings = 0;
			knownRegions = (
				en,
				Base,
			);
			mainGroup = CF5DC9251AB0EF6D00760540;
			productRefGroup = CF5DC92F1AB0EF6D00760540 /* Products */;
			projectDirPath = "";
			projectRoot = "";
			targets = (
				CF5DC92D1AB0EF6D00760540 /* TrabalhoRPG */,
				CF5DC9461AB0EF6D00760540 /* TrabalhoRPGTests */,
			);
		};
/* End PBXProject section */

/* Begin PBXResourcesBuildPhase section */
		CF5DC92C1AB0EF6D00760540 /* Resources */ = {
			isa = PBXResourcesBuildPhase;
			buildActionMask = 2147483647;
			files = (
				CFE4F6D91AB3BAE6003D3DB3 /* Cena1.json in Resources */,
				CF5DC93D1AB0EF6D00760540 /* Main.storyboard in Resources */,
				CF6097D91AB2419F007155C2 /* Cena0.jpg in Resources */,
				CFE4F6D41AB3965E003D3DB3 /* Cena0.json in Resources */,
				CF5DC9421AB0EF6D00760540 /* LaunchScreen.xib in Resources */,
				CF5DC93F1AB0EF6D00760540 /* Images.xcassets in Resources */,
			);
			runOnlyForDeploymentPostprocessing = 0;
		};
		CF5DC9451AB0EF6D00760540 /* Resources */ = {
			isa = PBXResourcesBuildPhase;
			buildActionMask = 2147483647;
			files = (
			);
			runOnlyForDeploymentPostprocessing = 0;
		};
/* End PBXResourcesBuildPhase section */

/* Begin PBXSourcesBuildPhase section */
		CF5DC92A1AB0EF6D00760540 /* Sources */ = {
			isa = PBXSourcesBuildPhase;
			buildActionMask = 2147483647;
			files = (
				CFEC2D4D1AB0F1C50001709A /* Cenario.m in Sources */,
				CFE4F6D11AB392A4003D3DB3 /* Json.m in Sources */,
				CFEC2D501AB0F4E40001709A /* Transicao.m in Sources */,
				CF5DC93A1AB0EF6D00760540 /* ViewController.m in Sources */,
				CFEC2D621AB0FBC30001709A /* ValorLevel.m in Sources */,
				CFEC2D6B1AB11DF60001709A /* Inventorio.m in Sources */,
				CFE4F6D71AB39955003D3DB3 /* EstadoJogo.m in Sources */,
				CF6097E81AB255BC007155C2 /* CenaViewController.m in Sources */,
				CFEC2D5C1AB0F8CC0001709A /* Item.m in Sources */,
				CFEC2D561AB0F6D50001709A /* Objeto.m in Sources */,
				CF6097E21AB2446C007155C2 /* Status.m in Sources */,
				CFEC2D531AB0F5F20001709A /* Acao.m in Sources */,
				CFEC2D5F1AB0F95C0001709A /* Personagem.m in Sources */,
				CFEC2D651AB0FEF60001709A /* Ataque.m in Sources */,
				CFEC2D681AB106D10001709A /* Mundo.m in Sources */,
				CF5DC9371AB0EF6D00760540 /* AppDelegate.m in Sources */,
				CFEC2D6E1AB11E730001709A /* BolsaItem.m in Sources */,
				CF5DC9341AB0EF6D00760540 /* main.m in Sources */,
			);
			runOnlyForDeploymentPostprocessing = 0;
		};
		CF5DC9431AB0EF6D00760540 /* Sources */ = {
			isa = PBXSourcesBuildPhase;
			buildActionMask = 2147483647;
			files = (
				CF5DC94E1AB0EF6D00760540 /* TrabalhoRPGTests.m in Sources */,
			);
			runOnlyForDeploymentPostprocessing = 0;
		};
/* End PBXSourcesBuildPhase section */

/* Begin PBXTargetDependency section */
		CF5DC9491AB0EF6D00760540 /* PBXTargetDependency */ = {
			isa = PBXTargetDependency;
			target = CF5DC92D1AB0EF6D00760540 /* TrabalhoRPG */;
			targetProxy = CF5DC9481AB0EF6D00760540 /* PBXContainerItemProxy */;
		};
/* End PBXTargetDependency section */

/* Begin PBXVariantGroup section */
		CF5DC93B1AB0EF6D00760540 /* Main.storyboard */ = {
			isa = PBXVariantGroup;
			children = (
				CF5DC93C1AB0EF6D00760540 /* Base */,
			);
			name = Main.storyboard;
			sourceTree = "<group>";
		};
		CF5DC9401AB0EF6D00760540 /* LaunchScreen.xib */ = {
			isa = PBXVariantGroup;
			children = (
				CF5DC9411AB0EF6D00760540 /* Base */,
			);
			name = LaunchScreen.xib;
			sourceTree = "<group>";
		};
/* End PBXVariantGroup section */

/* Begin XCBuildConfiguration section */
		CF5DC94F1AB0EF6D00760540 /* Debug */ = {
			isa = XCBuildConfiguration;
			buildSettings = {
				ALWAYS_SEARCH_USER_PATHS = NO;
				CLANG_CXX_LANGUAGE_STANDARD = "gnu++0x";
				CLANG_CXX_LIBRARY = "libc++";
				CLANG_ENABLE_MODULES = YES;
				CLANG_ENABLE_OBJC_ARC = YES;
				CLANG_WARN_BOOL_CONVERSION = YES;
				CLANG_WARN_CONSTANT_CONVERSION = YES;
				CLANG_WARN_DIRECT_OBJC_ISA_USAGE = YES_ERROR;
				CLANG_WARN_EMPTY_BODY = YES;
				CLANG_WARN_ENUM_CONVERSION = YES;
				CLANG_WARN_INT_CONVERSION = YES;
				CLANG_WARN_OBJC_ROOT_CLASS = YES_ERROR;
				CLANG_WARN_UNREACHABLE_CODE = YES;
				CLANG_WARN__DUPLICATE_METHOD_MATCH = YES;
				"CODE_SIGN_IDENTITY[sdk=iphoneos*]" = "iPhone Developer";
				COPY_PHASE_STRIP = NO;
				ENABLE_STRICT_OBJC_MSGSEND = YES;
				GCC_C_LANGUAGE_STANDARD = gnu99;
				GCC_DYNAMIC_NO_PIC = NO;
				GCC_OPTIMIZATION_LEVEL = 0;
				GCC_PREPROCESSOR_DEFINITIONS = (
					"DEBUG=1",
					"$(inherited)",
				);
				GCC_SYMBOLS_PRIVATE_EXTERN = NO;
				GCC_WARN_64_TO_32_BIT_CONVERSION = YES;
				GCC_WARN_ABOUT_RETURN_TYPE = YES_ERROR;
				GCC_WARN_UNDECLARED_SELECTOR = YES;
				GCC_WARN_UNINITIALIZED_AUTOS = YES_AGGRESSIVE;
				GCC_WARN_UNUSED_FUNCTION = YES;
				GCC_WARN_UNUSED_VARIABLE = YES;
				IPHONEOS_DEPLOYMENT_TARGET = 8.2;
				MTL_ENABLE_DEBUG_INFO = YES;
				ONLY_ACTIVE_ARCH = YES;
				SDKROOT = iphoneos;
				TARGETED_DEVICE_FAMILY = "1,2";
			};
			name = Debug;
		};
		CF5DC9501AB0EF6D00760540 /* Release */ = {
			isa = XCBuildConfiguration;
			buildSettings = {
				ALWAYS_SEARCH_USER_PATHS = NO;
				CLANG_CXX_LANGUAGE_STANDARD = "gnu++0x";
				CLANG_CXX_LIBRARY = "libc++";
				CLANG_ENABLE_MODULES = YES;
				CLANG_ENABLE_OBJC_ARC = YES;
				CLANG_WARN_BOOL_CONVERSION = YES;
				CLANG_WARN_CONSTANT_CONVERSION = YES;
				CLANG_WARN_DIRECT_OBJC_ISA_USAGE = YES_ERROR;
				CLANG_WARN_EMPTY_BODY = YES;
				CLANG_WARN_ENUM_CONVERSION = YES;
				CLANG_WARN_INT_CONVERSION = YES;
				CLANG_WARN_OBJC_ROOT_CLASS = YES_ERROR;
				CLANG_WARN_UNREACHABLE_CODE = YES;
				CLANG_WARN__DUPLICATE_METHOD_MATCH = YES;
				"CODE_SIGN_IDENTITY[sdk=iphoneos*]" = "iPhone Developer";
				COPY_PHASE_STRIP = NO;
				ENABLE_NS_ASSERTIONS = NO;
				ENABLE_STRICT_OBJC_MSGSEND = YES;
				GCC_C_LANGUAGE_STANDARD = gnu99;
				GCC_WARN_64_TO_32_BIT_CONVERSION = YES;
				GCC_WARN_ABOUT_RETURN_TYPE = YES_ERROR;
				GCC_WARN_UNDECLARED_SELECTOR = YES;
				GCC_WARN_UNINITIALIZED_AUTOS = YES_AGGRESSIVE;
				GCC_WARN_UNUSED_FUNCTION = YES;
				GCC_WARN_UNUSED_VARIABLE = YES;
				IPHONEOS_DEPLOYMENT_TARGET = 8.2;
				MTL_ENABLE_DEBUG_INFO = NO;
				SDKROOT = iphoneos;
				TARGETED_DEVICE_FAMILY = "1,2";
				VALIDATE_PRODUCT = YES;
			};
			name = Release;
		};
		CF5DC9521AB0EF6D00760540 /* Debug */ = {
			isa = XCBuildConfiguration;
			buildSettings = {
				ASSETCATALOG_COMPILER_APPICON_NAME = AppIcon;
				INFOPLIST_FILE = TrabalhoRPG/Info.plist;
				LD_RUNPATH_SEARCH_PATHS = "$(inherited) @executable_path/Frameworks";
				PRODUCT_NAME = "$(TARGET_NAME)";
			};
			name = Debug;
		};
		CF5DC9531AB0EF6D00760540 /* Release */ = {
			isa = XCBuildConfiguration;
			buildSettings = {
				ASSETCATALOG_COMPILER_APPICON_NAME = AppIcon;
				INFOPLIST_FILE = TrabalhoRPG/Info.plist;
				LD_RUNPATH_SEARCH_PATHS = "$(inherited) @executable_path/Frameworks";
				PRODUCT_NAME = "$(TARGET_NAME)";
			};
			name = Release;
		};
		CF5DC9551AB0EF6D00760540 /* Debug */ = {
			isa = XCBuildConfiguration;
			buildSettings = {
				BUNDLE_LOADER = "$(TEST_HOST)";
				FRAMEWORK_SEARCH_PATHS = (
					"$(SDKROOT)/Developer/Library/Frameworks",
					"$(inherited)",
				);
				GCC_PREPROCESSOR_DEFINITIONS = (
					"DEBUG=1",
					"$(inherited)",
				);
				INFOPLIST_FILE = TrabalhoRPGTests/Info.plist;
				LD_RUNPATH_SEARCH_PATHS = "$(inherited) @executable_path/Frameworks @loader_path/Frameworks";
				PRODUCT_NAME = "$(TARGET_NAME)";
				TEST_HOST = "$(BUILT_PRODUCTS_DIR)/TrabalhoRPG.app/TrabalhoRPG";
			};
			name = Debug;
		};
		CF5DC9561AB0EF6D00760540 /* Release */ = {
			isa = XCBuildConfiguration;
			buildSettings = {
				BUNDLE_LOADER = "$(TEST_HOST)";
				FRAMEWORK_SEARCH_PATHS = (
					"$(SDKROOT)/Developer/Library/Frameworks",
					"$(inherited)",
				);
				INFOPLIST_FILE = TrabalhoRPGTests/Info.plist;
				LD_RUNPATH_SEARCH_PATHS = "$(inherited) @executable_path/Frameworks @loader_path/Frameworks";
				PRODUCT_NAME = "$(TARGET_NAME)";
				TEST_HOST = "$(BUILT_PRODUCTS_DIR)/TrabalhoRPG.app/TrabalhoRPG";
			};
			name = Release;
		};
/* End XCBuildConfiguration section */

/* Begin XCConfigurationList section */
		CF5DC9291AB0EF6D00760540 /* Build configuration list for PBXProject "TrabalhoRPG" */ = {
			isa = XCConfigurationList;
			buildConfigurations = (
				CF5DC94F1AB0EF6D00760540 /* Debug */,
				CF5DC9501AB0EF6D00760540 /* Release */,
			);
			defaultConfigurationIsVisible = 0;
			defaultConfigurationName = Release;
		};
		CF5DC9511AB0EF6D00760540 /* Build configuration list for PBXNativeTarget "TrabalhoRPG" */ = {
			isa = XCConfigurationList;
			buildConfigurations = (
				CF5DC9521AB0EF6D00760540 /* Debug */,
				CF5DC9531AB0EF6D00760540 /* Release */,
			);
			defaultConfigurationIsVisible = 0;
			defaultConfigurationName = Release;
		};
		CF5DC9541AB0EF6D00760540 /* Build configuration list for PBXNativeTarget "TrabalhoRPGTests" */ = {
			isa = XCConfigurationList;
			buildConfigurations = (
				CF5DC9551AB0EF6D00760540 /* Debug */,
				CF5DC9561AB0EF6D00760540 /* Release */,
			);
			defaultConfigurationIsVisible = 0;
			defaultConfigurationName = Release;
		};
/* End XCConfigurationList section */
	};
	rootObject = CF5DC9261AB0EF6D00760540 /* Project object */;
}
